// !$*UTF8*$!
{
	archiveVersion = 1;
	classes = {
	};
	objectVersion = 50;
	objects = {

/* Begin PBXBuildFile section */
		110E5B9A20B6F1FA009C97D5 /* AppDelegate.swift in Sources */ = {isa = PBXBuildFile; fileRef = 110E5B9920B6F1FA009C97D5 /* AppDelegate.swift */; };
		110E5B9C20B6F1FA009C97D5 /* ViewController.swift in Sources */ = {isa = PBXBuildFile; fileRef = 110E5B9B20B6F1FA009C97D5 /* ViewController.swift */; };
		110E5B9F20B6F1FA009C97D5 /* Main.storyboard in Resources */ = {isa = PBXBuildFile; fileRef = 110E5B9D20B6F1FA009C97D5 /* Main.storyboard */; };
		110E5BA120B6F1FB009C97D5 /* Assets.xcassets in Resources */ = {isa = PBXBuildFile; fileRef = 110E5BA020B6F1FB009C97D5 /* Assets.xcassets */; };
		110E5BA420B6F1FB009C97D5 /* LaunchScreen.storyboard in Resources */ = {isa = PBXBuildFile; fileRef = 110E5BA220B6F1FB009C97D5 /* LaunchScreen.storyboard */; };
		110E5BAC20B6F786009C97D5 /* Question.swift in Sources */ = {isa = PBXBuildFile; fileRef = 110E5BAB20B6F786009C97D5 /* Question.swift */; };
		110E5BAF20B6F7CE009C97D5 /* Test.swift in Sources */ = {isa = PBXBuildFile; fileRef = 110E5BAE20B6F7CE009C97D5 /* Test.swift */; };
		1113FC8020B850A600E5E187 /* hamburg.frage1.png in Resources */ = {isa = PBXBuildFile; fileRef = 1113FC7E20B850A500E5E187 /* hamburg.frage1.png */; };
		1113FC8120B850A600E5E187 /* hamburg.frage8.png in Resources */ = {isa = PBXBuildFile; fileRef = 1113FC7F20B850A600E5E187 /* hamburg.frage8.png */; };
		1113FC8420B851B800E5E187 /* Intsruments.swift in Sources */ = {isa = PBXBuildFile; fileRef = 1113FC8320B851B800E5E187 /* Intsruments.swift */; };
		1113FC8620B853C500E5E187 /* QuestionMark.png in Resources */ = {isa = PBXBuildFile; fileRef = 1113FC8520B853C500E5E187 /* QuestionMark.png */; };
		1181A43C20C04BEE007422AF /* Instruments.swift in Sources */ = {isa = PBXBuildFile; fileRef = 1181A43B20C04BEE007422AF /* Instruments.swift */; };
/* End PBXBuildFile section */

/* Begin PBXFileReference section */
		110E5B9620B6F1FA009C97D5 /* Tester.app */ = {isa = PBXFileReference; explicitFileType = wrapper.application; includeInIndex = 0; path = Tester.app; sourceTree = BUILT_PRODUCTS_DIR; };
		110E5B9920B6F1FA009C97D5 /* AppDelegate.swift */ = {isa = PBXFileReference; lastKnownFileType = sourcecode.swift; path = AppDelegate.swift; sourceTree = "<group>"; };
		110E5B9B20B6F1FA009C97D5 /* ViewController.swift */ = {isa = PBXFileReference; lastKnownFileType = sourcecode.swift; path = ViewController.swift; sourceTree = "<group>"; };
		110E5B9E20B6F1FA009C97D5 /* Base */ = {isa = PBXFileReference; lastKnownFileType = file.storyboard; name = Base; path = Base.lproj/Main.storyboard; sourceTree = "<group>"; };
		110E5BA020B6F1FB009C97D5 /* Assets.xcassets */ = {isa = PBXFileReference; lastKnownFileType = folder.assetcatalog; path = Assets.xcassets; sourceTree = "<group>"; };
		110E5BA320B6F1FB009C97D5 /* Base */ = {isa = PBXFileReference; lastKnownFileType = file.storyboard; name = Base; path = Base.lproj/LaunchScreen.storyboard; sourceTree = "<group>"; };
		110E5BA520B6F1FB009C97D5 /* Info.plist */ = {isa = PBXFileReference; lastKnownFileType = text.plist.xml; path = Info.plist; sourceTree = "<group>"; };
		110E5BAB20B6F786009C97D5 /* Question.swift */ = {isa = PBXFileReference; lastKnownFileType = sourcecode.swift; path = Question.swift; sourceTree = "<group>"; };
		110E5BAE20B6F7CE009C97D5 /* Test.swift */ = {isa = PBXFileReference; lastKnownFileType = sourcecode.swift; path = Test.swift; sourceTree = "<group>"; };
		1113FC7E20B850A500E5E187 /* hamburg.frage1.png */ = {isa = PBXFileReference; lastKnownFileType = image.png; path = hamburg.frage1.png; sourceTree = "<group>"; };
		1113FC7F20B850A600E5E187 /* hamburg.frage8.png */ = {isa = PBXFileReference; lastKnownFileType = image.png; path = hamburg.frage8.png; sourceTree = "<group>"; };
		1113FC8320B851B800E5E187 /* Intsruments.swift */ = {isa = PBXFileReference; lastKnownFileType = sourcecode.swift; path = Intsruments.swift; sourceTree = "<group>"; };
		1113FC8520B853C500E5E187 /* QuestionMark.png */ = {isa = PBXFileReference; lastKnownFileType = image.png; path = QuestionMark.png; sourceTree = "<group>"; };
		1181A43B20C04BEE007422AF /* Instruments.swift */ = {isa = PBXFileReference; lastKnownFileType = sourcecode.swift; path = Instruments.swift; sourceTree = "<group>"; };
/* End PBXFileReference section */

/* Begin PBXFrameworksBuildPhase section */
		110E5B9320B6F1FA009C97D5 /* Frameworks */ = {
			isa = PBXFrameworksBuildPhase;
			buildActionMask = 2147483647;
			files = (
			);
			runOnlyForDeploymentPostprocessing = 0;
		};
/* End PBXFrameworksBuildPhase section */

/* Begin PBXGroup section */
		110E5B8D20B6F1FA009C97D5 = {
			isa = PBXGroup;
			children = (
				110E5B9820B6F1FA009C97D5 /* Tester */,
				110E5B9720B6F1FA009C97D5 /* Products */,
			);
			sourceTree = "<group>";
		};
		110E5B9720B6F1FA009C97D5 /* Products */ = {
			isa = PBXGroup;
			children = (
				110E5B9620B6F1FA009C97D5 /* Tester.app */,
			);
			name = Products;
			sourceTree = "<group>";
		};
		110E5B9820B6F1FA009C97D5 /* Tester */ = {
			isa = PBXGroup;
			children = (
				110E5B9B20B6F1FA009C97D5 /* ViewController.swift */,
				110E5B9D20B6F1FA009C97D5 /* Main.storyboard */,
				110E5BA520B6F1FB009C97D5 /* Info.plist */,
				110E5BAD20B6F79D009C97D5 /* Models */,
				1113FC8220B8511E00E5E187 /* images */,
				1181A43A20C04BA9007422AF /* Supporting Files */,
			);
			path = Tester;
			sourceTree = "<group>";
		};
		110E5BAD20B6F79D009C97D5 /* Models */ = {
			isa = PBXGroup;
			children = (
				110E5BAB20B6F786009C97D5 /* Question.swift */,
				110E5BAE20B6F7CE009C97D5 /* Test.swift */,
				1113FC8320B851B800E5E187 /* Intsruments.swift */,
				1181A43B20C04BEE007422AF /* Instruments.swift */,
			);
			path = Models;
			sourceTree = "<group>";
		};
		1113FC8220B8511E00E5E187 /* images */ = {
			isa = PBXGroup;
			children = (
				1113FC8520B853C500E5E187 /* QuestionMark.png */,
				1113FC7E20B850A500E5E187 /* hamburg.frage1.png */,
				1113FC7F20B850A600E5E187 /* hamburg.frage8.png */,
			);
			path = images;
			sourceTree = "<group>";
		};
		1181A43A20C04BA9007422AF /* Supporting Files */ = {
			isa = PBXGroup;
			children = (
				110E5B9920B6F1FA009C97D5 /* AppDelegate.swift */,
				110E5BA020B6F1FB009C97D5 /* Assets.xcassets */,
				110E5BA220B6F1FB009C97D5 /* LaunchScreen.storyboard */,
			);
			path = "Supporting Files";
			sourceTree = "<group>";
		};
/* End PBXGroup section */

/* Begin PBXNativeTarget section */
		110E5B9520B6F1FA009C97D5 /* Tester */ = {
			isa = PBXNativeTarget;
			buildConfigurationList = 110E5BA820B6F1FB009C97D5 /* Build configuration list for PBXNativeTarget "Tester" */;
			buildPhases = (
				110E5B9220B6F1FA009C97D5 /* Sources */,
				110E5B9320B6F1FA009C97D5 /* Frameworks */,
				110E5B9420B6F1FA009C97D5 /* Resources */,
			);
			buildRules = (
			);
			dependencies = (
			);
			name = Tester;
			productName = Tester;
			productReference = 110E5B9620B6F1FA009C97D5 /* Tester.app */;
			productType = "com.apple.product-type.application";
		};
/* End PBXNativeTarget section */

/* Begin PBXProject section */
		110E5B8E20B6F1FA009C97D5 /* Project object */ = {
			isa = PBXProject;
			attributes = {
				LastSwiftUpdateCheck = 0930;
				LastUpgradeCheck = 0930;
				ORGANIZATIONNAME = "Nikita Popov";
				TargetAttributes = {
					110E5B9520B6F1FA009C97D5 = {
						CreatedOnToolsVersion = 9.3.1;
					};
				};
			};
			buildConfigurationList = 110E5B9120B6F1FA009C97D5 /* Build configuration list for PBXProject "Tester" */;
			compatibilityVersion = "Xcode 9.3";
			developmentRegion = en;
			hasScannedForEncodings = 0;
			knownRegions = (
				en,
				Base,
			);
			mainGroup = 110E5B8D20B6F1FA009C97D5;
			productRefGroup = 110E5B9720B6F1FA009C97D5 /* Products */;
			projectDirPath = "";
			projectRoot = "";
			targets = (
				110E5B9520B6F1FA009C97D5 /* Tester */,
			);
		};
/* End PBXProject section */

/* Begin PBXResourcesBuildPhase section */
		110E5B9420B6F1FA009C97D5 /* Resources */ = {
			isa = PBXResourcesBuildPhase;
			buildActionMask = 2147483647;
			files = (
				1113FC8120B850A600E5E187 /* hamburg.frage8.png in Resources */,
				110E5BA420B6F1FB009C97D5 /* LaunchScreen.storyboard in Resources */,
				1113FC8620B853C500E5E187 /* QuestionMark.png in Resources */,
				110E5BA120B6F1FB009C97D5 /* Assets.xcassets in Resources */,
				110E5B9F20B6F1FA009C97D5 /* Main.storyboard in Resources */,
				1113FC8020B850A600E5E187 /* hamburg.frage1.png in Resources */,
			);
			runOnlyForDeploymentPostprocessing = 0;
		};
/* End PBXResourcesBuildPhase section */

/* Begin PBXSourcesBuildPhase section */
		110E5B9220B6F1FA009C97D5 /* Sources */ = {
			isa = PBXSourcesBuildPhase;
			buildActionMask = 2147483647;
			files = (
				110E5BAC20B6F786009C97D5 /* Question.swift in Sources */,
				110E5BAF20B6F7CE009C97D5 /* Test.swift in Sources */,
				110E5B9C20B6F1FA009C97D5 /* ViewController.swift in Sources */,
				110E5B9A20B6F1FA009C97D5 /* AppDelegate.swift in Sources */,
				1181A43C20C04BEE007422AF /* Instruments.swift in Sources */,
				1113FC8420B851B800E5E187 /* Intsruments.swift in Sources */,
			);
			runOnlyForDeploymentPostprocessing = 0;
		};
/* End PBXSourcesBuildPhase section */

/* Begin PBXVariantGroup section */
		110E5B9D20B6F1FA009C97D5 /* Main.storyboard */ = {
			isa = PBXVariantGroup;
			children = (
				110E5B9E20B6F1FA009C97D5 /* Base */,
			);
			name = Main.storyboard;
			sourceTree = "<group>";
		};
		110E5BA220B6F1FB009C97D5 /* LaunchScreen.storyboard */ = {
			isa = PBXVariantGroup;
			children = (
				110E5BA320B6F1FB009C97D5 /* Base */,
			);
			name = LaunchScreen.storyboard;
			sourceTree = "<group>";
		};
/* End PBXVariantGroup section */

/* Begin XCBuildConfiguration section */
		110E5BA620B6F1FB009C97D5 /* Debug */ = {
			isa = XCBuildConfiguration;
			buildSettings = {
				ALWAYS_SEARCH_USER_PATHS = NO;
				CLANG_ANALYZER_NONNULL = YES;
				CLANG_ANALYZER_NUMBER_OBJECT_CONVERSION = YES_AGGRESSIVE;
				CLANG_CXX_LANGUAGE_STANDARD = "gnu++14";
				CLANG_CXX_LIBRARY = "libc++";
				CLANG_ENABLE_MODULES = YES;
				CLANG_ENABLE_OBJC_ARC = YES;
				CLANG_ENABLE_OBJC_WEAK = YES;
				CLANG_WARN_BLOCK_CAPTURE_AUTORELEASING = YES;
				CLANG_WARN_BOOL_CONVERSION = YES;
				CLANG_WARN_COMMA = YES;
				CLANG_WARN_CONSTANT_CONVERSION = YES;
				CLANG_WARN_DEPRECATED_OBJC_IMPLEMENTATIONS = YES;
				CLANG_WARN_DIRECT_OBJC_ISA_USAGE = YES_ERROR;
				CLANG_WARN_DOCUMENTATION_COMMENTS = YES;
				CLANG_WARN_EMPTY_BODY = YES;
				CLANG_WARN_ENUM_CONVERSION = YES;
				CLANG_WARN_INFINITE_RECURSION = YES;
				CLANG_WARN_INT_CONVERSION = YES;
				CLANG_WARN_NON_LITERAL_NULL_CONVERSION = YES;
				CLANG_WARN_OBJC_IMPLICIT_RETAIN_SELF = YES;
				CLANG_WARN_OBJC_LITERAL_CONVERSION = YES;
				CLANG_WARN_OBJC_ROOT_CLASS = YES_ERROR;
				CLANG_WARN_RANGE_LOOP_ANALYSIS = YES;
				CLANG_WARN_STRICT_PROTOTYPES = YES;
				CLANG_WARN_SUSPICIOUS_MOVE = YES;
				CLANG_WARN_UNGUARDED_AVAILABILITY = YES_AGGRESSIVE;
				CLANG_WARN_UNREACHABLE_CODE = YES;
				CLANG_WARN__DUPLICATE_METHOD_MATCH = YES;
				CODE_SIGN_IDENTITY = "iPhone Developer";
				COPY_PHASE_STRIP = NO;
				DEBUG_INFORMATION_FORMAT = dwarf;
				ENABLE_STRICT_OBJC_MSGSEND = YES;
				ENABLE_TESTABILITY = YES;
				GCC_C_LANGUAGE_STANDARD = gnu11;
				GCC_DYNAMIC_NO_PIC = NO;
				GCC_NO_COMMON_BLOCKS = YES;
				GCC_OPTIMIZATION_LEVEL = 0;
				GCC_PREPROCESSOR_DEFINITIONS = (
					"DEBUG=1",
					"$(inherited)",
				);
				GCC_WARN_64_TO_32_BIT_CONVERSION = YES;
				GCC_WARN_ABOUT_RETURN_TYPE = YES_ERROR;
				GCC_WARN_UNDECLARED_SELECTOR = YES;
				GCC_WARN_UNINITIALIZED_AUTOS = YES_AGGRESSIVE;
				GCC_WARN_UNUSED_FUNCTION = YES;
				GCC_WARN_UNUSED_VARIABLE = YES;
				IPHONEOS_DEPLOYMENT_TARGET = 11.3;
				MTL_ENABLE_DEBUG_INFO = YES;
				ONLY_ACTIVE_ARCH = YES;
				SDKROOT = iphoneos;
				SWIFT_ACTIVE_COMPILATION_CONDITIONS = DEBUG;
				SWIFT_OPTIMIZATION_LEVEL = "-Onone";
			};
			name = Debug;
		};
		110E5BA720B6F1FB009C97D5 /* Release */ = {
			isa = XCBuildConfiguration;
			buildSettings = {
				ALWAYS_SEARCH_USER_PATHS = NO;
				CLANG_ANALYZER_NONNULL = YES;
				CLANG_ANALYZER_NUMBER_OBJECT_CONVERSION = YES_AGGRESSIVE;
				CLANG_CXX_LANGUAGE_STANDARD = "gnu++14";
				CLANG_CXX_LIBRARY = "libc++";
				CLANG_ENABLE_MODULES = YES;
				CLANG_ENABLE_OBJC_ARC = YES;
				CLANG_ENABLE_OBJC_WEAK = YES;
				CLANG_WARN_BLOCK_CAPTURE_AUTORELEASING = YES;
				CLANG_WARN_BOOL_CONVERSION = YES;
				CLANG_WARN_COMMA = YES;
				CLANG_WARN_CONSTANT_CONVERSION = YES;
				CLANG_WARN_DEPRECATED_OBJC_IMPLEMENTATIONS = YES;
				CLANG_WARN_DIRECT_OBJC_ISA_USAGE = YES_ERROR;
				CLANG_WARN_DOCUMENTATION_COMMENTS = YES;
				CLANG_WARN_EMPTY_BODY = YES;
				CLANG_WARN_ENUM_CONVERSION = YES;
				CLANG_WARN_INFINITE_RECURSION = YES;
				CLANG_WARN_INT_CONVERSION = YES;
				CLANG_WARN_NON_LITERAL_NULL_CONVERSION = YES;
				CLANG_WARN_OBJC_IMPLICIT_RETAIN_SELF = YES;
				CLANG_WARN_OBJC_LITERAL_CONVERSION = YES;
				CLANG_WARN_OBJC_ROOT_CLASS = YES_ERROR;
				CLANG_WARN_RANGE_LOOP_ANALYSIS = YES;
				CLANG_WARN_STRICT_PROTOTYPES = YES;
				CLANG_WARN_SUSPICIOUS_MOVE = YES;
				CLANG_WARN_UNGUARDED_AVAILABILITY = YES_AGGRESSIVE;
				CLANG_WARN_UNREACHABLE_CODE = YES;
				CLANG_WARN__DUPLICATE_METHOD_MATCH = YES;
				CODE_SIGN_IDENTITY = "iPhone Developer";
				COPY_PHASE_STRIP = NO;
				DEBUG_INFORMATION_FORMAT = "dwarf-with-dsym";
				ENABLE_NS_ASSERTIONS = NO;
				ENABLE_STRICT_OBJC_MSGSEND = YES;
				GCC_C_LANGUAGE_STANDARD = gnu11;
				GCC_NO_COMMON_BLOCKS = YES;
				GCC_WARN_64_TO_32_BIT_CONVERSION = YES;
				GCC_WARN_ABOUT_RETURN_TYPE = YES_ERROR;
				GCC_WARN_UNDECLARED_SELECTOR = YES;
				GCC_WARN_UNINITIALIZED_AUTOS = YES_AGGRESSIVE;
				GCC_WARN_UNUSED_FUNCTION = YES;
				GCC_WARN_UNUSED_VARIABLE = YES;
				IPHONEOS_DEPLOYMENT_TARGET = 11.3;
				MTL_ENABLE_DEBUG_INFO = NO;
				SDKROOT = iphoneos;
				SWIFT_COMPILATION_MODE = wholemodule;
				SWIFT_OPTIMIZATION_LEVEL = "-O";
				VALIDATE_PRODUCT = YES;
			};
			name = Release;
		};
		110E5BA920B6F1FB009C97D5 /* Debug */ = {
			isa = XCBuildConfiguration;
			buildSettings = {
				ASSETCATALOG_COMPILER_APPICON_NAME = AppIcon;
				CODE_SIGN_STYLE = Automatic;
				DEVELOPMENT_TEAM = 7VBSEUJ7FY;
				INFOPLIST_FILE = Tester/Info.plist;
				LD_RUNPATH_SEARCH_PATHS = (
					"$(inherited)",
					"@executable_path/Frameworks",
				);
				PRODUCT_BUNDLE_IDENTIFIER = Finsker.Tester;
				PRODUCT_NAME = "$(TARGET_NAME)";
				SWIFT_VERSION = 4.0;
				TARGETED_DEVICE_FAMILY = "1,2";
			};
			name = Debug;
		};
		110E5BAA20B6F1FB009C97D5 /* Release */ = {
			isa = XCBuildConfiguration;
			buildSettings = {
				ASSETCATALOG_COMPILER_APPICON_NAME = AppIcon;
				CODE_SIGN_STYLE = Automatic;
				DEVELOPMENT_TEAM = 7VBSEUJ7FY;
				INFOPLIST_FILE = Tester/Info.plist;
				LD_RUNPATH_SEARCH_PATHS = (
					"$(inherited)",
					"@executable_path/Frameworks",
				);
				PRODUCT_BUNDLE_IDENTIFIER = Finsker.Tester;
				PRODUCT_NAME = "$(TARGET_NAME)";
				SWIFT_VERSION = 4.0;
				TARGETED_DEVICE_FAMILY = "1,2";
			};
			name = Release;
		};
/* End XCBuildConfiguration section */

/* Begin XCConfigurationList section */
		110E5B9120B6F1FA009C97D5 /* Build configuration list for PBXProject "Tester" */ = {
			isa = XCConfigurationList;
			buildConfigurations = (
				110E5BA620B6F1FB009C97D5 /* Debug */,
				110E5BA720B6F1FB009C97D5 /* Release */,
			);
			defaultConfigurationIsVisible = 0;
			defaultConfigurationName = Release;
		};
		110E5BA820B6F1FB009C97D5 /* Build configuration list for PBXNativeTarget "Tester" */ = {
			isa = XCConfigurationList;
			buildConfigurations = (
				110E5BA920B6F1FB009C97D5 /* Debug */,
				110E5BAA20B6F1FB009C97D5 /* Release */,
			);
			defaultConfigurationIsVisible = 0;
			defaultConfigurationName = Release;
		};
/* End XCConfigurationList section */
	};
	rootObject = 110E5B8E20B6F1FA009C97D5 /* Project object */;
}
